# @generated - this file is auto-generated by `mise lock` https://mise.jdx.dev/dev-tools/mise-lock.html

[[tools.bun]]
version = "1.3.10"
backend = "core:bun"

[tools.bun."platforms.linux-arm64"]
checksum = "sha256:fa5ecb25cafa8e8f5c87a0f833719d46dd0af0a86c7837d806531212d55636d3"
url = "https://github.com/oven-sh/bun/releases/download/bun-v1.3.10/bun-linux-aarch64.zip"

[tools.bun."platforms.linux-arm64-musl"]
checksum = "sha256:d2c81365a2e529b78a42330d3a0056e8dbd7896b4a6782c8e392b6532141e34d"
url = "https://github.com/oven-sh/bun/releases/download/bun-v1.3.10/bun-linux-aarch64-musl.zip"

[tools.bun."platforms.linux-x64"]
checksum = "sha256:f57bc0187e39623de716ba3a389fda5486b2d7be7131a980ba54dc7b733d2e08"
url = "https://github.com/oven-sh/bun/releases/download/bun-v1.3.10/bun-linux-x64.zip"

[tools.bun."platforms.linux-x64-baseline"]
checksum = "sha256:41201a8c5ee74a9dcbb1ce25a1104f1f929838b57a845aa78d98379b0ce7cde2"
url = "https://github.com/oven-sh/bun/releases/download/bun-v1.3.10/bun-linux-x64-baseline.zip"

[tools.bun."platforms.linux-x64-musl"]
checksum = "sha256:48a6c32277d343db0148ce066336472ffd380358a4d26bb1329714742492d824"
url = "https://github.com/oven-sh/bun/releases/download/bun-v1.3.10/bun-linux-x64-musl.zip"

[tools.bun."platforms.linux-x64-musl-baseline"]
checksum = "sha256:a7bc4cdea1ef255a83adbf39c7aafcd30e09f2b8f74deec4b10ee318bc024d1f"
url = "https://github.com/oven-sh/bun/releases/download/bun-v1.3.10/bun-linux-x64-musl-baseline.zip"

[[tools."cargo:cargo-binstall"]]
version = "1.17.7"
backend = "cargo:cargo-binstall"

[[tools.deno]]
version = "2.7.5"
backend = "core:deno"

[tools.deno."platforms.linux-arm64"]
checksum = "sha256:69259408777465378ad78ea97c3ec6722704a93caabdb8d272b36d93d8025101"
url = "https://dl.deno.land/release/v2.7.5/deno-aarch64-unknown-linux-gnu.zip"

[tools.deno."platforms.linux-x64"]
checksum = "sha256:fd0a9e6cf085acb861b67577a13bfd0b1829e1c6d6a6dcfd35bcb8f05c973a47"
url = "https://dl.deno.land/release/v2.7.5/deno-x86_64-unknown-linux-gnu.zip"

[[tools.fd]]
version = "10.4.2"
backend = "aqua:sharkdp/fd"

[tools.fd."platforms.linux-arm64"]
checksum = "sha256:f32d3657473fba74e2600babc8db0b93420d51169223b7e8143b2ed55d8fd9e8"
url = "https://github.com/sharkdp/fd/releases/download/v10.4.2/fd-v10.4.2-aarch64-unknown-linux-musl.tar.gz"

[tools.fd."platforms.linux-x64"]
checksum = "sha256:e3257d48e29a6be965187dbd24ce9af564e0fe67b3e73c9bdcd180f4ec11bdde"
url = "https://github.com/sharkdp/fd/releases/download/v10.4.2/fd-v10.4.2-x86_64-unknown-linux-musl.tar.gz"

[[tools.go]]
version = "1.26.1"
backend = "core:go"

[tools.go."platforms.linux-arm64"]
checksum = "sha256:a290581cfe4fe28ddd737dde3095f3dbeb7f2e4065cab4eae44dfc53b760c2f7"
url = "https://dl.google.com/go/go1.26.1.linux-arm64.tar.gz"

[tools.go."platforms.linux-x64"]
checksum = "sha256:031f088e5d955bab8657ede27ad4e3bc5b7c1ba281f05f245bcc304f327c987a"
url = "https://dl.google.com/go/go1.26.1.linux-amd64.tar.gz"

[[tools.gradle]]
version = "9.4.0"
backend = "aqua:gradle/gradle"

[tools.gradle."platforms.linux-arm64"]
checksum = "sha256:60ea723356d81263e8002fec0fcf9e2b0eee0c0850c7a3d7ab0a63f2ccc601f3"
url = "https://github.com/gradle/gradle-distributions/releases/download/v9.4.0/gradle-9.4.0-bin.zip"

[tools.gradle."platforms.linux-x64"]
checksum = "sha256:60ea723356d81263e8002fec0fcf9e2b0eee0c0850c7a3d7ab0a63f2ccc601f3"
url = "https://github.com/gradle/gradle-distributions/releases/download/v9.4.0/gradle-9.4.0-bin.zip"

[[tools.java]]
version = "temurin-25.0.2+10.0.LTS"
backend = "core:java"

[[tools.jq]]
version = "1.8.1"
backend = "aqua:jqlang/jq"

[tools.jq."platforms.linux-arm64"]
checksum = "sha256:6bc62f25981328edd3cfcfe6fe51b073f2d7e7710d7ef7fcdac28d4e384fc3d4"
url = "https://github.com/jqlang/jq/releases/download/jq-1.8.1/jq-linux-arm64"

[tools.jq."platforms.linux-x64"]
checksum = "sha256:020468de7539ce70ef1bceaf7cde2e8c4f2ca6c3afb84642aabc5c97d9fc2a0d"
url = "https://github.com/jqlang/jq/releases/download/jq-1.8.1/jq-linux-amd64"

[[tools.just]]
version = "1.46.0"
backend = "aqua:casey/just"

[tools.just."platforms.linux-arm64"]
checksum = "sha256:b81970c8247fa64cfb30d2a3da0e487e4253f9f2d01865ed5e7d53cdc7b02188"
url = "https://github.com/casey/just/releases/download/1.46.0/just-1.46.0-aarch64-unknown-linux-musl.tar.gz"

[tools.just."platforms.linux-x64"]
checksum = "sha256:79966e6e353f535ee7d1c6221641bcc8e3381c55b0d0a6dc6e54b34f9db36eaa"
url = "https://github.com/casey/just/releases/download/1.46.0/just-1.46.0-x86_64-unknown-linux-musl.tar.gz"

[[tools.maven]]
version = "3.9.14"
backend = "aqua:apache/maven"

[tools.maven."platforms.linux-arm64"]
url = "https://archive.apache.org/dist/maven/maven-3/3.9.14/binaries/apache-maven-3.9.14-bin.tar.gz"

[tools.maven."platforms.linux-x64"]
url = "https://archive.apache.org/dist/maven/maven-3/3.9.14/binaries/apache-maven-3.9.14-bin.tar.gz"

[[tools.node]]
version = "24.14.0"
backend = "core:node"

[tools.node."platforms.linux-arm64"]
checksum = "sha256:f44740cd218de8127f1c44c41510a3a740fa5c9c8d1cdce1c3bedada79f3cde7"
url = "https://nodejs.org/dist/v24.14.0/node-v24.14.0-linux-arm64.tar.gz"

[tools.node."platforms.linux-x64"]
checksum = "sha256:dbf5b8665dec15e59e6359a517fefb47b23fdb9152d8def975b9bca3dfc6d355"
url = "https://nodejs.org/dist/v24.14.0/node-v24.14.0-linux-x64.tar.gz"

[[tools."npm:@anthropic-ai/claude-code"]]
version = "2.1.74"
backend = "npm:@anthropic-ai/claude-code"

[[tools."npm:@openai/codex"]]
version = "0.114.0"
backend = "npm:@openai/codex"

[[tools."npm:opencode-ai"]]
version = "1.2.25"
backend = "npm:opencode-ai"

[[tools.pnpm]]
version = "10.32.1"
backend = "aqua:pnpm/pnpm"

[tools.pnpm."platforms.linux-arm64"]
checksum = "sha256:c0db0b837971fde6f9781af8914e54eb163721193a36d35cbcf1794b3474a407"
url = "https://github.com/pnpm/pnpm/releases/download/v10.32.1/pnpm-linux-arm64"

[tools.pnpm."platforms.linux-x64"]
checksum = "sha256:c5607a86bfb948297e96b393a53c90107766fe56329e62967b1f239d861d4363"
url = "https://github.com/pnpm/pnpm/releases/download/v10.32.1/pnpm-linux-x64"

[[tools.python]]
version = "3.13.12"
backend = "core:python"

[tools.python."platforms.linux-arm64"]
checksum = "sha256:0ebc0049121318b5de80b887d22abaed55dd302014f73cd6811c9981a83d960e"
url = "https://github.com/astral-sh/python-build-standalone/releases/download/20260310/cpython-3.13.12+20260310-aarch64-unknown-linux-gnu-install_only_stripped.tar.gz"

[tools.python."platforms.linux-x64"]
checksum = "sha256:904adc9bc4371c01b20f7e75a19b10f07fb577889be02bf21f7f449229b97611"
url = "https://github.com/astral-sh/python-build-standalone/releases/download/20260310/cpython-3.13.12+20260310-x86_64-unknown-linux-gnu-install_only_stripped.tar.gz"

[[tools.ripgrep]]
version = "15.1.0"
backend = "aqua:BurntSushi/ripgrep"

[tools.ripgrep."platforms.linux-arm64"]
checksum = "sha256:2b661c6ef508e902f388e9098d9c4c5aca72c87b55922d94abdba830b4dc885e"
url = "https://github.com/BurntSushi/ripgrep/releases/download/15.1.0/ripgrep-15.1.0-aarch64-unknown-linux-gnu.tar.gz"

[tools.ripgrep."platforms.linux-x64"]
checksum = "sha256:1c9297be4a084eea7ecaedf93eb03d058d6faae29bbc57ecdaf5063921491599"
url = "https://github.com/BurntSushi/ripgrep/releases/download/15.1.0/ripgrep-15.1.0-x86_64-unknown-linux-musl.tar.gz"

[[tools.rust]]
version = "stable"
backend = "core:rust"

[[tools.uv]]
version = "0.10.9"
backend = "aqua:astral-sh/uv"

[tools.uv."platforms.linux-arm64"]
checksum = "sha256:05b0d3087e913ebe11756365a90dd47c05d6728752fdbe129ad4c3ccd769826d"
url = "https://github.com/astral-sh/uv/releases/download/0.10.9/uv-aarch64-unknown-linux-musl.tar.gz"

[tools.uv."platforms.linux-x64"]
checksum = "sha256:433e56874739e92c7cfd661ba9e5f287b376ca612c08c8194a41a98a13158aea"
url = "https://github.com/astral-sh/uv/releases/download/0.10.9/uv-x86_64-unknown-linux-musl.tar.gz"

[[tools.yq]]
version = "4.52.4"
backend = "aqua:mikefarah/yq"

[tools.yq."platforms.linux-arm64"]
checksum = "sha256:4c2cc022a129be5cc1187959bb4b09bebc7fb543c5837b93001c68f97ce39a5d"
url = "https://github.com/mikefarah/yq/releases/download/v4.52.4/yq_linux_arm64"

[tools.yq."platforms.linux-x64"]
checksum = "sha256:0c4d965ea944b64b8fddaf7f27779ee3034e5693263786506ccd1c120f184e8c"
url = "https://github.com/mikefarah/yq/releases/download/v4.52.4/yq_linux_amd64"
